
Microsoft Visual Studio Solution File, Format Version 12.00
# Visual Studio 2012
Project("{FAE04EC0-301F-11D3-BF4B-00C04F79EFBC}") = "resharper-angularjs", "resharper-angularjs\resharper-angularjs.csproj", "{ABEF4568-7276-41FD-96A7-96138A689765}"
EndProject
Global
	GlobalSection(SolutionConfigurationPlatforms) = preSolution
		Debug|Any CPU = Debug|Any CPU
		Release|Any CPU = Release|Any CPU
	EndGlobalSection
	GlobalSection(ProjectConfigurationPlatforms) = postSolution
		{ABEF4568-7276-41FD-96A7-96138A689765}.Debug|Any CPU.ActiveCfg = Debug|Any CPU
		{ABEF4568-7276-41FD-96A7-96138A689765}.Debug|Any CPU.Build.0 = Debug|Any CPU
		{ABEF4568-7276-41FD-96A7-96138A689765}.Release|Any CPU.ActiveCfg = Release|Any CPU
		{ABEF4568-7276-41FD-96A7-96138A689765}.Release|Any CPU.Build.0 = Release|Any CPU
	EndGlobalSection
	GlobalSection(SolutionProperties) = preSolution
		HideSolutionNode = FALSE
	EndGlobalSection
EndGlobal
